
Microsoft Visual Studio Solution File, Format Version 12.00
# Visual Studio Version 17
VisualStudioVersion = 17.5.33502.453
MinimumVisualStudioVersion = 10.0.40219.1
Project("{8BC9CEB8-8B4A-11D0-8D11-00A0C91BC942}") = "Work4DLL", "Work4\Work4.vcxproj", "{92DA85FD-F432-4DF1-B70C-B4E4681D96BC}"
EndProject
Project("{8BC9CEB8-8B4A-11D0-8D11-00A0C91BC942}") = "Work", "Work\Work.vcxproj", "{B9D7C127-A718-4147-B850-0692D61E4A01}"
EndProject
Global
	GlobalSection(SolutionConfigurationPlatforms) = preSolution
		Debug|ARM = Debug|ARM
		Debug|ARM64 = Debug|ARM64
		Debug|x64 = Debug|x64
		Debug|x86 = Debug|x86
		Release|ARM = Release|ARM
		Release|ARM64 = Release|ARM64
		Release|x64 = Release|x64
		Release|x86 = Release|x86
	EndGlobalSection
	GlobalSection(ProjectConfigurationPlatforms) = postSolution
		{92DA85FD-F432-4DF1-B70C-B4E4681D96BC}.Debug|ARM.ActiveCfg = Debug|x64
		{92DA85FD-F432-4DF1-B70C-B4E4681D96BC}.Debug|ARM.Build.0 = Debug|x64
		{92DA85FD-F432-4DF1-B70C-B4E4681D96BC}.Debug|ARM64.ActiveCfg = Debug|x64
		{92DA85FD-F432-4DF1-B70C-B4E4681D96BC}.Debug|ARM64.Build.0 = Debug|x64
		{92DA85FD-F432-4DF1-B70C-B4E4681D96BC}.Debug|x64.ActiveCfg = Debug|x64
		{92DA85FD-F432-4DF1-B70C-B4E4681D96BC}.Debug|x64.Build.0 = Debug|x64
		{92DA85FD-F432-4DF1-B70C-B4E4681D96BC}.Debug|x86.ActiveCfg = Debug|Win32
		{92DA85FD-F432-4DF1-B70C-B4E4681D96BC}.Debug|x86.Build.0 = Debug|Win32
		{92DA85FD-F432-4DF1-B70C-B4E4681D96BC}.Release|ARM.ActiveCfg = Release|x64
		{92DA85FD-F432-4DF1-B70C-B4E4681D96BC}.Release|ARM.Build.0 = Release|x64
		{92DA85FD-F432-4DF1-B70C-B4E4681D96BC}.Release|ARM64.ActiveCfg = Release|x64
		{92DA85FD-F432-4DF1-B70C-B4E4681D96BC}.Release|ARM64.Build.0 = Release|x64
		{92DA85FD-F432-4DF1-B70C-B4E4681D96BC}.Release|x64.ActiveCfg = Release|x64
		{92DA85FD-F432-4DF1-B70C-B4E4681D96BC}.Release|x64.Build.0 = Release|x64
		{92DA85FD-F432-4DF1-B70C-B4E4681D96BC}.Release|x86.ActiveCfg = Release|Win32
		{92DA85FD-F432-4DF1-B70C-B4E4681D96BC}.Release|x86.Build.0 = Release|Win32
		{B9D7C127-A718-4147-B850-0692D61E4A01}.Debug|ARM.ActiveCfg = Debug|x64
		{B9D7C127-A718-4147-B850-0692D61E4A01}.Debug|ARM.Build.0 = Debug|x64
		{B9D7C127-A718-4147-B850-0692D61E4A01}.Debug|ARM64.ActiveCfg = Debug|x64
		{B9D7C127-A718-4147-B850-0692D61E4A01}.Debug|ARM64.Build.0 = Debug|x64
		{B9D7C127-A718-4147-B850-0692D61E4A01}.Debug|x64.ActiveCfg = Debug|x64
		{B9D7C127-A718-4147-B850-0692D61E4A01}.Debug|x64.Build.0 = Debug|x64
		{B9D7C127-A718-4147-B850-0692D61E4A01}.Debug|x86.ActiveCfg = Debug|Win32
		{B9D7C127-A718-4147-B850-0692D61E4A01}.Debug|x86.Build.0 = Debug|Win32
		{B9D7C127-A718-4147-B850-0692D61E4A01}.Release|ARM.ActiveCfg = Release|x64
		{B9D7C127-A718-4147-B850-0692D61E4A01}.Release|ARM.Build.0 = Release|x64
		{B9D7C127-A718-4147-B850-0692D61E4A01}.Release|ARM64.ActiveCfg = Release|x64
		{B9D7C127-A718-4147-B850-0692D61E4A01}.Release|ARM64.Build.0 = Release|x64
		{B9D7C127-A718-4147-B850-0692D61E4A01}.Release|x64.ActiveCfg = Release|x64
		{B9D7C127-A718-4147-B850-0692D61E4A01}.Release|x64.Build.0 = Release|x64
		{B9D7C127-A718-4147-B850-0692D61E4A01}.Release|x86.ActiveCfg = Release|Win32
		{B9D7C127-A718-4147-B850-0692D61E4A01}.Release|x86.Build.0 = Release|Win32
	EndGlobalSection
	GlobalSection(SolutionProperties) = preSolution
		HideSolutionNode = FALSE
	EndGlobalSection
	GlobalSection(ExtensibilityGlobals) = postSolution
		SolutionGuid = {FA51F510-A506-44AF-9948-64EF40122F7C}
	EndGlobalSection
EndGlobal
